github.com/google/go-cmp v0.6.0 h1:ofyhxvXcZhMsU5ulbFiLKl/XBFqE1GSq7atu8tAmTRI=
github.com/google/go-cmp v0.6.0/go.mod h1:17dUlkBOakJ0+DkrSSNjCkIjxS6bF9zb3elmeNGIjoY=
github.com/shogo82148/memoize v0.0.4 h1:3n08PzuwGLbVwawf2jM5kfNC4mV25EqaAIjKrNfqqAs=
github.com/shogo82148/memoize v0.0.4/go.mod h1:sOsvhOlJGVR2nHgCzUchvbEeYB6jNvSP9o4SPHgb+bY=
github.com/shogo82148/pointer v1.3.0 h1:LW5V2jUAjFNjS8e7k/PgFoh3EavOSB/vvN85aGue5+I=
github.com/shogo82148/pointer v1.3.0/go.mod h1:agZ5JFpavFPXznbWonIvbG78NDfvDTFppe+7o53up5w=
golang.org/x/crypto v0.16.0 h1:mMMrFzRSCF0GvB7Ne27XVtVAaXLrPmgPC7/v0tkwHaY=
golang.org/x/crypto v0.16.0/go.mod h1:gCAAfMLgwOJRpTjQ2zCCt2OcSfYMTeZVSRtQlPC7Nq4=
golang.org/x/sys v0.15.0 h1:h48lPFYpsTvQJZF4EKyI4aLHaev3CxivZmv7yZig9pc=
golang.org/x/sys v0.15.0/go.mod h1:/VUhepiaJMQUp4+oa/7Zr1D23ma6VTLIYjOOTFZPUcA=
